
Microsoft Visual Studio Solution File, Format Version 12.00
# Visual Studio Version 17
VisualStudioVersion = 17.1.32228.430
MinimumVisualStudioVersion = 10.0.40219.1
Project("{FAE04EC0-301F-11D3-BF4B-00C04F79EFBC}") = "MvcMovie", "MvcMovie\MvcMovie.csproj", "{63E735D0-F2EE-429E-A135-40A8DAA53989}"
EndProject
Global
	GlobalSection(SolutionConfigurationPlatforms) = preSolution
		Debug|Any CPU = Debug|Any CPU
		Release|Any CPU = Release|Any CPU
	EndGlobalSection
	GlobalSection(ProjectConfigurationPlatforms) = postSolution
		{63E735D0-F2EE-429E-A135-40A8DAA53989}.Debug|Any CPU.ActiveCfg = Debug|Any CPU
		{63E735D0-F2EE-429E-A135-40A8DAA53989}.Debug|Any CPU.Build.0 = Debug|Any CPU
		{63E735D0-F2EE-429E-A135-40A8DAA53989}.Release|Any CPU.ActiveCfg = Release|Any CPU
		{63E735D0-F2EE-429E-A135-40A8DAA53989}.Release|Any CPU.Build.0 = Release|Any CPU
	EndGlobalSection
	GlobalSection(SolutionProperties) = preSolution
		HideSolutionNode = FALSE
	EndGlobalSection
	GlobalSection(ExtensibilityGlobals) = postSolution
		SolutionGuid = {4D268226-E85E-49D4-90AB-D4A4ADC104CD}
	EndGlobalSection
EndGlobal
